
Microsoft Visual Studio Solution File, Format Version 12.00
# Visual Studio Version 17
VisualStudioVersion = 17.1.32210.238
MinimumVisualStudioVersion = 10.0.40219.1
Project("{FAE04EC0-301F-11D3-BF4B-00C04F79EFBC}") = "ShapesExample", "ShapesExample.csproj", "{D6403C66-B598-49EA-BDDA-7027B4BE3FCC}"
EndProject
Global
	GlobalSection(SolutionConfigurationPlatforms) = preSolution
		Debug|Any CPU = Debug|Any CPU
		Release|Any CPU = Release|Any CPU
	EndGlobalSection
	GlobalSection(ProjectConfigurationPlatforms) = postSolution
		{D6403C66-B598-49EA-BDDA-7027B4BE3FCC}.Debug|Any CPU.ActiveCfg = Debug|Any CPU
		{D6403C66-B598-49EA-BDDA-7027B4BE3FCC}.Debug|Any CPU.Build.0 = Debug|Any CPU
		{D6403C66-B598-49EA-BDDA-7027B4BE3FCC}.Release|Any CPU.ActiveCfg = Release|Any CPU
		{D6403C66-B598-49EA-BDDA-7027B4BE3FCC}.Release|Any CPU.Build.0 = Release|Any CPU
	EndGlobalSection
	GlobalSection(SolutionProperties) = preSolution
		HideSolutionNode = FALSE
	EndGlobalSection
	GlobalSection(ExtensibilityGlobals) = postSolution
		SolutionGuid = {872CF4B7-2A7E-4030-85B9-09563EE9459F}
	EndGlobalSection
EndGlobal
