
Microsoft Visual Studio Solution File, Format Version 12.00
# Visual Studio Version 17
VisualStudioVersion = 17.1.32210.238
MinimumVisualStudioVersion = 10.0.40219.1
Project("{FAE04EC0-301F-11D3-BF4B-00C04F79EFBC}") = "CloningAndCopyingObjects", "CloningAndCopyingObjects.csproj", "{FC1E4452-CD18-49FB-A6B1-0906F5E413A2}"
EndProject
Global
	GlobalSection(SolutionConfigurationPlatforms) = preSolution
		Debug|Any CPU = Debug|Any CPU
		Release|Any CPU = Release|Any CPU
	EndGlobalSection
	GlobalSection(ProjectConfigurationPlatforms) = postSolution
		{FC1E4452-CD18-49FB-A6B1-0906F5E413A2}.Debug|Any CPU.ActiveCfg = Debug|Any CPU
		{FC1E4452-CD18-49FB-A6B1-0906F5E413A2}.Debug|Any CPU.Build.0 = Debug|Any CPU
		{FC1E4452-CD18-49FB-A6B1-0906F5E413A2}.Release|Any CPU.ActiveCfg = Release|Any CPU
		{FC1E4452-CD18-49FB-A6B1-0906F5E413A2}.Release|Any CPU.Build.0 = Release|Any CPU
	EndGlobalSection
	GlobalSection(SolutionProperties) = preSolution
		HideSolutionNode = FALSE
	EndGlobalSection
	GlobalSection(ExtensibilityGlobals) = postSolution
		SolutionGuid = {DB4BA752-D6AB-48A7-9B95-900B19E1985C}
	EndGlobalSection
EndGlobal
