
Microsoft Visual Studio Solution File, Format Version 12.00
# Visual Studio Version 17
VisualStudioVersion = 17.1.32210.238
MinimumVisualStudioVersion = 10.0.40219.1
Project("{FAE04EC0-301F-11D3-BF4B-00C04F79EFBC}") = "ExplicitInterface", "ExplicitInterface.csproj", "{7A709A13-4D35-4585-ACF6-173FC1CF0335}"
EndProject
Global
	GlobalSection(SolutionConfigurationPlatforms) = preSolution
		Debug|Any CPU = Debug|Any CPU
		Release|Any CPU = Release|Any CPU
	EndGlobalSection
	GlobalSection(ProjectConfigurationPlatforms) = postSolution
		{7A709A13-4D35-4585-ACF6-173FC1CF0335}.Debug|Any CPU.ActiveCfg = Debug|Any CPU
		{7A709A13-4D35-4585-ACF6-173FC1CF0335}.Debug|Any CPU.Build.0 = Debug|Any CPU
		{7A709A13-4D35-4585-ACF6-173FC1CF0335}.Release|Any CPU.ActiveCfg = Release|Any CPU
		{7A709A13-4D35-4585-ACF6-173FC1CF0335}.Release|Any CPU.Build.0 = Release|Any CPU
	EndGlobalSection
	GlobalSection(SolutionProperties) = preSolution
		HideSolutionNode = FALSE
	EndGlobalSection
	GlobalSection(ExtensibilityGlobals) = postSolution
		SolutionGuid = {C861F6F6-59BA-4DA8-BDAB-B12597447C7D}
	EndGlobalSection
EndGlobal
