
Microsoft Visual Studio Solution File, Format Version 12.00
# Visual Studio Version 17
VisualStudioVersion = 17.1.32210.238
MinimumVisualStudioVersion = 10.0.40219.1
Project("{FAE04EC0-301F-11D3-BF4B-00C04F79EFBC}") = "MethodOverloading", "MethodOverloading.csproj", "{3B2F5E55-D872-4804-BA29-94E2B52EE736}"
EndProject
Global
	GlobalSection(SolutionConfigurationPlatforms) = preSolution
		Debug|Any CPU = Debug|Any CPU
		Release|Any CPU = Release|Any CPU
	EndGlobalSection
	GlobalSection(ProjectConfigurationPlatforms) = postSolution
		{3B2F5E55-D872-4804-BA29-94E2B52EE736}.Debug|Any CPU.ActiveCfg = Debug|Any CPU
		{3B2F5E55-D872-4804-BA29-94E2B52EE736}.Debug|Any CPU.Build.0 = Debug|Any CPU
		{3B2F5E55-D872-4804-BA29-94E2B52EE736}.Release|Any CPU.ActiveCfg = Release|Any CPU
		{3B2F5E55-D872-4804-BA29-94E2B52EE736}.Release|Any CPU.Build.0 = Release|Any CPU
	EndGlobalSection
	GlobalSection(SolutionProperties) = preSolution
		HideSolutionNode = FALSE
	EndGlobalSection
	GlobalSection(ExtensibilityGlobals) = postSolution
		SolutionGuid = {6B515BED-4E14-4730-9852-831DC1711B31}
	EndGlobalSection
EndGlobal
