
Microsoft Visual Studio Solution File, Format Version 12.00
# Visual Studio Version 17
VisualStudioVersion = 17.1.32210.238
MinimumVisualStudioVersion = 10.0.40219.1
Project("{FAE04EC0-301F-11D3-BF4B-00C04F79EFBC}") = "NamespacesExample", "NamespacesExample.csproj", "{68033520-736F-40F5-8EAC-24DCC8522366}"
EndProject
Project("{FAE04EC0-301F-11D3-BF4B-00C04F79EFBC}") = "ProjectA.TeamA", "..\ProjectA.TeamA\ProjectA.TeamA.csproj", "{0F714E09-1251-4672-B717-A1EE17A57477}"
EndProject
Project("{FAE04EC0-301F-11D3-BF4B-00C04F79EFBC}") = "ProjectA.TeamB", "..\ProjectA.TeamB\ProjectA.TeamB.csproj", "{2351FB8B-871F-4E31-AE5E-6E2FB2715607}"
EndProject
Global
	GlobalSection(SolutionConfigurationPlatforms) = preSolution
		Debug|Any CPU = Debug|Any CPU
		Release|Any CPU = Release|Any CPU
	EndGlobalSection
	GlobalSection(ProjectConfigurationPlatforms) = postSolution
		{68033520-736F-40F5-8EAC-24DCC8522366}.Debug|Any CPU.ActiveCfg = Debug|Any CPU
		{68033520-736F-40F5-8EAC-24DCC8522366}.Debug|Any CPU.Build.0 = Debug|Any CPU
		{68033520-736F-40F5-8EAC-24DCC8522366}.Release|Any CPU.ActiveCfg = Release|Any CPU
		{68033520-736F-40F5-8EAC-24DCC8522366}.Release|Any CPU.Build.0 = Release|Any CPU
		{0F714E09-1251-4672-B717-A1EE17A57477}.Debug|Any CPU.ActiveCfg = Debug|Any CPU
		{0F714E09-1251-4672-B717-A1EE17A57477}.Debug|Any CPU.Build.0 = Debug|Any CPU
		{0F714E09-1251-4672-B717-A1EE17A57477}.Release|Any CPU.ActiveCfg = Release|Any CPU
		{0F714E09-1251-4672-B717-A1EE17A57477}.Release|Any CPU.Build.0 = Release|Any CPU
		{2351FB8B-871F-4E31-AE5E-6E2FB2715607}.Debug|Any CPU.ActiveCfg = Debug|Any CPU
		{2351FB8B-871F-4E31-AE5E-6E2FB2715607}.Debug|Any CPU.Build.0 = Debug|Any CPU
		{2351FB8B-871F-4E31-AE5E-6E2FB2715607}.Release|Any CPU.ActiveCfg = Release|Any CPU
		{2351FB8B-871F-4E31-AE5E-6E2FB2715607}.Release|Any CPU.Build.0 = Release|Any CPU
	EndGlobalSection
	GlobalSection(SolutionProperties) = preSolution
		HideSolutionNode = FALSE
	EndGlobalSection
	GlobalSection(ExtensibilityGlobals) = postSolution
		SolutionGuid = {3F7BD334-8D78-4247-87A3-B5B7030EE164}
	EndGlobalSection
EndGlobal
